
Microsoft Visual Studio Solution File, Format Version 12.00
# Visual Studio Version 17
VisualStudioVersion = 17.0.31903.59
MinimumVisualStudioVersion = 10.0.40219.1
Project("{2150E333-8FDC-42A3-9474-1A3956D46DE8}") = "src", "src", "{EAB649D0-B9CC-45FA-8A23-D9240AA90791}"
EndProject
Project("{2150E333-8FDC-42A3-9474-1A3956D46DE8}") = "Api", "Api", "{FB0B3D0B-27B8-4A35-8C66-B54675FDCF0C}"
EndProject
Project("{2150E333-8FDC-42A3-9474-1A3956D46DE8}") = "BookingMonolith", "BookingMonolith", "{E2AEC1A0-7B84-4362-B833-3411C86ED51A}"
EndProject
Project("{2150E333-8FDC-42A3-9474-1A3956D46DE8}") = "BuildingBlocks", "BuildingBlocks", "{61EE3EF9-959E-47FB-81E3-A7FE148AED47}"
EndProject
Project("{FAE04EC0-301F-11D3-BF4B-00C04F79EFBC}") = "BuildingBlocks", "src\BuildingBlocks\BuildingBlocks.csproj", "{765928E3-7190-4487-B0B9-17E17781D8D9}"
EndProject
Project("{2150E333-8FDC-42A3-9474-1A3956D46DE8}") = "src", "src", "{2763601C-A480-4150-8DC5-C0AF61105A2F}"
EndProject
Project("{2150E333-8FDC-42A3-9474-1A3956D46DE8}") = "src", "src", "{DABE9B31-F1C7-46F0-82BF-221F0E566013}"
EndProject
Project("{2150E333-8FDC-42A3-9474-1A3956D46DE8}") = "tests", "tests", "{B086B174-2C06-4692-80D6-DD7BACF70A59}"
EndProject
Project("{FAE04EC0-301F-11D3-BF4B-00C04F79EFBC}") = "Api", "src\Api\src\Api.csproj", "{9936A69F-9E21-413A-A9BD-01EFF46449E4}"
EndProject
Project("{FAE04EC0-301F-11D3-BF4B-00C04F79EFBC}") = "BookingMonolith", "src\BookingMonolith\src\BookingMonolith.csproj", "{7C552F7F-87CF-47E1-BA6C-7D56E60A2DA2}"
EndProject
Project("{FAE04EC0-301F-11D3-BF4B-00C04F79EFBC}") = "Integration.Test", "src\BookingMonolith\tests\Integration.Test\Integration.Test.csproj", "{36B8C1C8-5734-42D8-821A-E15ED0F8D628}"
EndProject
Global
	GlobalSection(SolutionConfigurationPlatforms) = preSolution
		Debug|Any CPU = Debug|Any CPU
		Release|Any CPU = Release|Any CPU
	EndGlobalSection
	GlobalSection(SolutionProperties) = preSolution
		HideSolutionNode = FALSE
	EndGlobalSection
	GlobalSection(NestedProjects) = preSolution
		{FB0B3D0B-27B8-4A35-8C66-B54675FDCF0C} = {EAB649D0-B9CC-45FA-8A23-D9240AA90791}
		{E2AEC1A0-7B84-4362-B833-3411C86ED51A} = {EAB649D0-B9CC-45FA-8A23-D9240AA90791}
		{61EE3EF9-959E-47FB-81E3-A7FE148AED47} = {EAB649D0-B9CC-45FA-8A23-D9240AA90791}
		{765928E3-7190-4487-B0B9-17E17781D8D9} = {61EE3EF9-959E-47FB-81E3-A7FE148AED47}
		{2763601C-A480-4150-8DC5-C0AF61105A2F} = {FB0B3D0B-27B8-4A35-8C66-B54675FDCF0C}
		{DABE9B31-F1C7-46F0-82BF-221F0E566013} = {E2AEC1A0-7B84-4362-B833-3411C86ED51A}
		{B086B174-2C06-4692-80D6-DD7BACF70A59} = {E2AEC1A0-7B84-4362-B833-3411C86ED51A}
		{9936A69F-9E21-413A-A9BD-01EFF46449E4} = {2763601C-A480-4150-8DC5-C0AF61105A2F}
		{7C552F7F-87CF-47E1-BA6C-7D56E60A2DA2} = {DABE9B31-F1C7-46F0-82BF-221F0E566013}
		{36B8C1C8-5734-42D8-821A-E15ED0F8D628} = {B086B174-2C06-4692-80D6-DD7BACF70A59}
	EndGlobalSection
	GlobalSection(ProjectConfigurationPlatforms) = postSolution
		{765928E3-7190-4487-B0B9-17E17781D8D9}.Debug|Any CPU.ActiveCfg = Debug|Any CPU
		{765928E3-7190-4487-B0B9-17E17781D8D9}.Debug|Any CPU.Build.0 = Debug|Any CPU
		{765928E3-7190-4487-B0B9-17E17781D8D9}.Release|Any CPU.ActiveCfg = Release|Any CPU
		{765928E3-7190-4487-B0B9-17E17781D8D9}.Release|Any CPU.Build.0 = Release|Any CPU
		{9936A69F-9E21-413A-A9BD-01EFF46449E4}.Debug|Any CPU.ActiveCfg = Debug|Any CPU
		{9936A69F-9E21-413A-A9BD-01EFF46449E4}.Debug|Any CPU.Build.0 = Debug|Any CPU
		{9936A69F-9E21-413A-A9BD-01EFF46449E4}.Release|Any CPU.ActiveCfg = Release|Any CPU
		{9936A69F-9E21-413A-A9BD-01EFF46449E4}.Release|Any CPU.Build.0 = Release|Any CPU
		{7C552F7F-87CF-47E1-BA6C-7D56E60A2DA2}.Debug|Any CPU.ActiveCfg = Debug|Any CPU
		{7C552F7F-87CF-47E1-BA6C-7D56E60A2DA2}.Debug|Any CPU.Build.0 = Debug|Any CPU
		{7C552F7F-87CF-47E1-BA6C-7D56E60A2DA2}.Release|Any CPU.ActiveCfg = Release|Any CPU
		{7C552F7F-87CF-47E1-BA6C-7D56E60A2DA2}.Release|Any CPU.Build.0 = Release|Any CPU
		{36B8C1C8-5734-42D8-821A-E15ED0F8D628}.Debug|Any CPU.ActiveCfg = Debug|Any CPU
		{36B8C1C8-5734-42D8-821A-E15ED0F8D628}.Debug|Any CPU.Build.0 = Debug|Any CPU
		{36B8C1C8-5734-42D8-821A-E15ED0F8D628}.Release|Any CPU.ActiveCfg = Release|Any CPU
		{36B8C1C8-5734-42D8-821A-E15ED0F8D628}.Release|Any CPU.Build.0 = Release|Any CPU
	EndGlobalSection
EndGlobal
