
Microsoft Visual Studio Solution File, Format Version 12.00
# Visual Studio Version 17
VisualStudioVersion = 17.0.31903.59
MinimumVisualStudioVersion = 10.0.40219.1
Project("{2150E333-8FDC-42A3-9474-1A3956D46DE8}") = "src", "src", "{EAB649D0-B9CC-45FA-8A23-D9240AA90791}"
EndProject
Project("{2150E333-8FDC-42A3-9474-1A3956D46DE8}") = "Api", "Api", "{FB0B3D0B-27B8-4A35-8C66-B54675FDCF0C}"
EndProject
Project("{2150E333-8FDC-42A3-9474-1A3956D46DE8}") = "BookingMonolith", "BookingMonolith", "{E2AEC1A0-7B84-4362-B833-3411C86ED51A}"
EndProject
Project("{2150E333-8FDC-42A3-9474-1A3956D46DE8}") = "BuildingBlocks", "BuildingBlocks", "{61EE3EF9-959E-47FB-81E3-A7FE148AED47}"
EndProject
Project("{2150E333-8FDC-42A3-9474-1A3956D46DE8}") = "Core", "Core", "{4D094E86-D690-34CD-2A66-0416AAF49645}"
EndProject
Project("{FAE04EC0-301F-11D3-BF4B-00C04F79EFBC}") = "Griffin.Core", "src\BuildingBlocks\src\Core\Griffin.Core.csproj", "{39986D98-41EC-47A4-9499-4C85FD581173}"
EndProject
Project("{2150E333-8FDC-42A3-9474-1A3956D46DE8}") = "Caching", "Caching", "{1A86F4C0-5CA0-5627-B4D1-B68B1D233823}"
EndProject
Project("{FAE04EC0-301F-11D3-BF4B-00C04F79EFBC}") = "Griffin.Caching", "src\BuildingBlocks\src\Caching\Griffin.Caching.csproj", "{9E4A9273-46BF-4C6F-82CF-A017C92413F7}"
EndProject
Project("{2150E333-8FDC-42A3-9474-1A3956D46DE8}") = "EFCore", "EFCore", "{830E82ED-5A6E-63E0-C514-02E78AF8638B}"
EndProject
Project("{FAE04EC0-301F-11D3-BF4B-00C04F79EFBC}") = "Griffin.EFCore", "src\BuildingBlocks\src\EFCore\Griffin.EFCore.csproj", "{2E40AE0B-31C0-4EC7-A7BE-849811A2B291}"
EndProject
Project("{2150E333-8FDC-42A3-9474-1A3956D46DE8}") = "Mongo", "Mongo", "{CB7FBAD6-0463-A8C7-22C5-177C99CF8F27}"
EndProject
Project("{FAE04EC0-301F-11D3-BF4B-00C04F79EFBC}") = "Griffin.Mongo", "src\BuildingBlocks\src\Mongo\Griffin.Mongo.csproj", "{7A43C8E2-BA72-4EE0-8F95-EEDB40C3618F}"
EndProject
Project("{2150E333-8FDC-42A3-9474-1A3956D46DE8}") = "EventStoreDB", "EventStoreDB", "{12CF98DA-F2BF-4142-1ACE-114738AB4A8C}"
EndProject
Project("{FAE04EC0-301F-11D3-BF4B-00C04F79EFBC}") = "Griffin.EventStoreDB", "src\BuildingBlocks\src\EventStoreDB\Griffin.EventStoreDB.csproj", "{FBBDAE22-A7F5-4D60-BDB5-03A98D0A0E59}"
EndProject
Project("{2150E333-8FDC-42A3-9474-1A3956D46DE8}") = "Wolverine", "Wolverine", "{A58FA777-0CAA-A13D-B8E0-127F8D7E0B8B}"
EndProject
Project("{FAE04EC0-301F-11D3-BF4B-00C04F79EFBC}") = "Griffin.Wolverine", "src\BuildingBlocks\src\Wolverine\Griffin.Wolverine.csproj", "{4C7E5176-C412-4679-BE07-23B1E5E10C64}"
EndProject
Project("{2150E333-8FDC-42A3-9474-1A3956D46DE8}") = "Log", "Log", "{17BADB9D-B148-DC7D-914C-E2FB7389F893}"
EndProject
Project("{FAE04EC0-301F-11D3-BF4B-00C04F79EFBC}") = "Griffin.Log", "src\BuildingBlocks\src\Log\Griffin.Log.csproj", "{E71BBAB6-031B-4FFB-ABD2-C5194A11BB3A}"
EndProject
Project("{2150E333-8FDC-42A3-9474-1A3956D46DE8}") = "Web", "Web", "{DD152179-0FAE-D056-63F4-DB6C57780122}"
EndProject
Project("{FAE04EC0-301F-11D3-BF4B-00C04F79EFBC}") = "Griffin.Web", "src\BuildingBlocks\src\Web\Griffin.Web.csproj", "{E0593263-E227-48D9-8141-0DFEC2E13A65}"
EndProject
Project("{2150E333-8FDC-42A3-9474-1A3956D46DE8}") = "Utils", "Utils", "{B07E1AA8-FE91-8CED-A575-848403B89707}"
EndProject
Project("{FAE04EC0-301F-11D3-BF4B-00C04F79EFBC}") = "Griffin.Utils", "src\BuildingBlocks\src\Utils\Griffin.Utils.csproj", "{1BDD096F-56D6-4A81-8770-4687034C5D55}"
EndProject
Project("{2150E333-8FDC-42A3-9474-1A3956D46DE8}") = "Validation", "Validation", "{736FF37F-E305-B461-F52B-DCD81EFE13EE}"
EndProject
Project("{FAE04EC0-301F-11D3-BF4B-00C04F79EFBC}") = "Griffin.Validation", "src\BuildingBlocks\src\Validation\Griffin.Validation.csproj", "{13E77675-6F7F-4A35-83AE-3D7FBDD18C7E}"
EndProject
Project("{2150E333-8FDC-42A3-9474-1A3956D46DE8}") = "Mapster", "Mapster", "{AED56355-AFF7-B895-066D-331B60DBE012}"
EndProject
Project("{FAE04EC0-301F-11D3-BF4B-00C04F79EFBC}") = "Griffin.Mapster", "src\BuildingBlocks\src\Mapster\Griffin.Mapster.csproj", "{6F8F9541-E736-4019-90BA-B13C4662AF78}"
EndProject
Project("{2150E333-8FDC-42A3-9474-1A3956D46DE8}") = "OpenApi", "OpenApi", "{4037E4FC-4900-88F5-AB2F-0E9BEA591922}"
EndProject
Project("{FAE04EC0-301F-11D3-BF4B-00C04F79EFBC}") = "Griffin.OpenApi", "src\BuildingBlocks\src\OpenApi\Griffin.OpenApi.csproj", "{65FD7A19-9B7B-46F9-968F-2B1825369B6A}"
EndProject
Project("{2150E333-8FDC-42A3-9474-1A3956D46DE8}") = "OpenTelemetryCollector", "OpenTelemetryCollector", "{490D1267-9011-EE90-8592-D91681C3A995}"
EndProject
Project("{FAE04EC0-301F-11D3-BF4B-00C04F79EFBC}") = "Griffin.OpenTelemetryCollector", "src\BuildingBlocks\src\OpenTelemetryCollector\Griffin.OpenTelemetryCollector.csproj", "{1F5DC511-46EF-4257-A477-BD5C8E38D598}"
EndProject
Project("{2150E333-8FDC-42A3-9474-1A3956D46DE8}") = "HealthCheck", "HealthCheck", "{4842B062-5C83-A8DB-A0B4-8057132E8447}"
EndProject
Project("{FAE04EC0-301F-11D3-BF4B-00C04F79EFBC}") = "Griffin.HealthCheck", "src\BuildingBlocks\src\HealthCheck\Griffin.HealthCheck.csproj", "{C2F2A5E9-052E-41C7-AF58-FC86897BA42B}"
EndProject
Project("{2150E333-8FDC-42A3-9474-1A3956D46DE8}") = "Jwt", "Jwt", "{892B37FD-744D-FAAF-A0E7-321A3FE668AB}"
EndProject
Project("{FAE04EC0-301F-11D3-BF4B-00C04F79EFBC}") = "Griffin.Jwt", "src\BuildingBlocks\src\Jwt\Griffin.Jwt.csproj", "{F4D07767-4B54-40B6-A64B-338C80AE7AB9}"
EndProject
Project("{2150E333-8FDC-42A3-9474-1A3956D46DE8}") = "Polly", "Polly", "{3D03E72E-3DA7-0464-A67C-4118A755EF72}"
EndProject
Project("{FAE04EC0-301F-11D3-BF4B-00C04F79EFBC}") = "Griffin.Polly", "src\BuildingBlocks\src\Polly\Griffin.Polly.csproj", "{DA33C7A2-B7FC-4F5C-A197-FABADD280414}"
EndProject
Project("{2150E333-8FDC-42A3-9474-1A3956D46DE8}") = "ProblemDetails", "ProblemDetails", "{01FB005C-5839-9A94-69B6-CFCA7339D051}"
EndProject
Project("{FAE04EC0-301F-11D3-BF4B-00C04F79EFBC}") = "Griffin.ProblemDetails", "src\BuildingBlocks\src\ProblemDetails\Griffin.ProblemDetails.csproj", "{2D5F9139-7D1F-4C72-8BE5-06684A4362A1}"
EndProject
Project("{2150E333-8FDC-42A3-9474-1A3956D46DE8}") = "TestBase", "TestBase", "{251F03E1-B3DE-A95D-C613-6C61DC0A09E5}"
EndProject
Project("{FAE04EC0-301F-11D3-BF4B-00C04F79EFBC}") = "Griffin.TestBase", "src\BuildingBlocks\src\TestBase\Griffin.TestBase.csproj", "{29033974-A810-482B-9488-9F654500E20C}"
EndProject
Project("{2150E333-8FDC-42A3-9474-1A3956D46DE8}") = "src", "src", "{2763601C-A480-4150-8DC5-C0AF61105A2F}"
EndProject
Project("{2150E333-8FDC-42A3-9474-1A3956D46DE8}") = "src", "src", "{DABE9B31-F1C7-46F0-82BF-221F0E566013}"
EndProject
Project("{2150E333-8FDC-42A3-9474-1A3956D46DE8}") = "tests", "tests", "{B086B174-2C06-4692-80D6-DD7BACF70A59}"
EndProject
Project("{FAE04EC0-301F-11D3-BF4B-00C04F79EFBC}") = "Api", "src\Api\src\Api.csproj", "{9936A69F-9E21-413A-A9BD-01EFF46449E4}"
EndProject
Project("{FAE04EC0-301F-11D3-BF4B-00C04F79EFBC}") = "BookingMonolith", "src\BookingMonolith\src\BookingMonolith.csproj", "{7C552F7F-87CF-47E1-BA6C-7D56E60A2DA2}"
EndProject
Project("{FAE04EC0-301F-11D3-BF4B-00C04F79EFBC}") = "Integration.Test", "src\BookingMonolith\tests\Integration.Test\Integration.Test.csproj", "{36B8C1C8-5734-42D8-821A-E15ED0F8D628}"
EndProject
Project("{2150E333-8FDC-42A3-9474-1A3956D46DE8}") = "Aspire", "Aspire", "{D54C1868-C587-4252-984E-E1FBAE833783}"
EndProject
Project("{2150E333-8FDC-42A3-9474-1A3956D46DE8}") = "src", "src", "{D4D52659-836D-4467-B9B3-B7983A6DCA5F}"
EndProject
Project("{FAE04EC0-301F-11D3-BF4B-00C04F79EFBC}") = "AppHost", "src\Aspire\src\AppHost\AppHost.csproj", "{35A893D2-3AD1-4B79-B788-9D8396B2E801}"
EndProject
Project("{FAE04EC0-301F-11D3-BF4B-00C04F79EFBC}") = "ServiceDefaults", "src\Aspire\src\ServiceDefaults\ServiceDefaults.csproj", "{5D8350B0-D73B-449B-8A47-3B3BC8049D4F}"
EndProject
Global
	GlobalSection(SolutionConfigurationPlatforms) = preSolution
		Debug|Any CPU = Debug|Any CPU
		Release|Any CPU = Release|Any CPU
	EndGlobalSection
	GlobalSection(SolutionProperties) = preSolution
		HideSolutionNode = FALSE
	EndGlobalSection
	GlobalSection(NestedProjects) = preSolution
		{FB0B3D0B-27B8-4A35-8C66-B54675FDCF0C} = {EAB649D0-B9CC-45FA-8A23-D9240AA90791}
		{E2AEC1A0-7B84-4362-B833-3411C86ED51A} = {EAB649D0-B9CC-45FA-8A23-D9240AA90791}
		{61EE3EF9-959E-47FB-81E3-A7FE148AED47} = {EAB649D0-B9CC-45FA-8A23-D9240AA90791}
		{4D094E86-D690-34CD-2A66-0416AAF49645} = {61EE3EF9-959E-47FB-81E3-A7FE148AED47}
		{39986D98-41EC-47A4-9499-4C85FD581173} = {4D094E86-D690-34CD-2A66-0416AAF49645}
		{1A86F4C0-5CA0-5627-B4D1-B68B1D233823} = {61EE3EF9-959E-47FB-81E3-A7FE148AED47}
		{9E4A9273-46BF-4C6F-82CF-A017C92413F7} = {1A86F4C0-5CA0-5627-B4D1-B68B1D233823}
		{830E82ED-5A6E-63E0-C514-02E78AF8638B} = {61EE3EF9-959E-47FB-81E3-A7FE148AED47}
		{2E40AE0B-31C0-4EC7-A7BE-849811A2B291} = {830E82ED-5A6E-63E0-C514-02E78AF8638B}
		{CB7FBAD6-0463-A8C7-22C5-177C99CF8F27} = {61EE3EF9-959E-47FB-81E3-A7FE148AED47}
		{7A43C8E2-BA72-4EE0-8F95-EEDB40C3618F} = {CB7FBAD6-0463-A8C7-22C5-177C99CF8F27}
		{12CF98DA-F2BF-4142-1ACE-114738AB4A8C} = {61EE3EF9-959E-47FB-81E3-A7FE148AED47}
		{FBBDAE22-A7F5-4D60-BDB5-03A98D0A0E59} = {12CF98DA-F2BF-4142-1ACE-114738AB4A8C}
		{A58FA777-0CAA-A13D-B8E0-127F8D7E0B8B} = {61EE3EF9-959E-47FB-81E3-A7FE148AED47}
		{4C7E5176-C412-4679-BE07-23B1E5E10C64} = {A58FA777-0CAA-A13D-B8E0-127F8D7E0B8B}
		{17BADB9D-B148-DC7D-914C-E2FB7389F893} = {61EE3EF9-959E-47FB-81E3-A7FE148AED47}
		{E71BBAB6-031B-4FFB-ABD2-C5194A11BB3A} = {17BADB9D-B148-DC7D-914C-E2FB7389F893}
		{DD152179-0FAE-D056-63F4-DB6C57780122} = {61EE3EF9-959E-47FB-81E3-A7FE148AED47}
		{E0593263-E227-48D9-8141-0DFEC2E13A65} = {DD152179-0FAE-D056-63F4-DB6C57780122}
		{B07E1AA8-FE91-8CED-A575-848403B89707} = {61EE3EF9-959E-47FB-81E3-A7FE148AED47}
		{1BDD096F-56D6-4A81-8770-4687034C5D55} = {B07E1AA8-FE91-8CED-A575-848403B89707}
		{736FF37F-E305-B461-F52B-DCD81EFE13EE} = {61EE3EF9-959E-47FB-81E3-A7FE148AED47}
		{13E77675-6F7F-4A35-83AE-3D7FBDD18C7E} = {736FF37F-E305-B461-F52B-DCD81EFE13EE}
		{AED56355-AFF7-B895-066D-331B60DBE012} = {61EE3EF9-959E-47FB-81E3-A7FE148AED47}
		{6F8F9541-E736-4019-90BA-B13C4662AF78} = {AED56355-AFF7-B895-066D-331B60DBE012}
		{4037E4FC-4900-88F5-AB2F-0E9BEA591922} = {61EE3EF9-959E-47FB-81E3-A7FE148AED47}
		{65FD7A19-9B7B-46F9-968F-2B1825369B6A} = {4037E4FC-4900-88F5-AB2F-0E9BEA591922}
		{490D1267-9011-EE90-8592-D91681C3A995} = {61EE3EF9-959E-47FB-81E3-A7FE148AED47}
		{1F5DC511-46EF-4257-A477-BD5C8E38D598} = {490D1267-9011-EE90-8592-D91681C3A995}
		{4842B062-5C83-A8DB-A0B4-8057132E8447} = {61EE3EF9-959E-47FB-81E3-A7FE148AED47}
		{C2F2A5E9-052E-41C7-AF58-FC86897BA42B} = {4842B062-5C83-A8DB-A0B4-8057132E8447}
		{892B37FD-744D-FAAF-A0E7-321A3FE668AB} = {61EE3EF9-959E-47FB-81E3-A7FE148AED47}
		{F4D07767-4B54-40B6-A64B-338C80AE7AB9} = {892B37FD-744D-FAAF-A0E7-321A3FE668AB}
		{3D03E72E-3DA7-0464-A67C-4118A755EF72} = {61EE3EF9-959E-47FB-81E3-A7FE148AED47}
		{DA33C7A2-B7FC-4F5C-A197-FABADD280414} = {3D03E72E-3DA7-0464-A67C-4118A755EF72}
		{01FB005C-5839-9A94-69B6-CFCA7339D051} = {61EE3EF9-959E-47FB-81E3-A7FE148AED47}
		{2D5F9139-7D1F-4C72-8BE5-06684A4362A1} = {01FB005C-5839-9A94-69B6-CFCA7339D051}
		{251F03E1-B3DE-A95D-C613-6C61DC0A09E5} = {61EE3EF9-959E-47FB-81E3-A7FE148AED47}
		{29033974-A810-482B-9488-9F654500E20C} = {251F03E1-B3DE-A95D-C613-6C61DC0A09E5}
		{2763601C-A480-4150-8DC5-C0AF61105A2F} = {FB0B3D0B-27B8-4A35-8C66-B54675FDCF0C}
		{DABE9B31-F1C7-46F0-82BF-221F0E566013} = {E2AEC1A0-7B84-4362-B833-3411C86ED51A}
		{B086B174-2C06-4692-80D6-DD7BACF70A59} = {E2AEC1A0-7B84-4362-B833-3411C86ED51A}
		{9936A69F-9E21-413A-A9BD-01EFF46449E4} = {2763601C-A480-4150-8DC5-C0AF61105A2F}
		{7C552F7F-87CF-47E1-BA6C-7D56E60A2DA2} = {DABE9B31-F1C7-46F0-82BF-221F0E566013}
		{36B8C1C8-5734-42D8-821A-E15ED0F8D628} = {B086B174-2C06-4692-80D6-DD7BACF70A59}
		{D54C1868-C587-4252-984E-E1FBAE833783} = {EAB649D0-B9CC-45FA-8A23-D9240AA90791}
		{D4D52659-836D-4467-B9B3-B7983A6DCA5F} = {D54C1868-C587-4252-984E-E1FBAE833783}
		{35A893D2-3AD1-4B79-B788-9D8396B2E801} = {D4D52659-836D-4467-B9B3-B7983A6DCA5F}
		{5D8350B0-D73B-449B-8A47-3B3BC8049D4F} = {D4D52659-836D-4467-B9B3-B7983A6DCA5F}
	EndGlobalSection
	GlobalSection(ProjectConfigurationPlatforms) = postSolution
		{39986D98-41EC-47A4-9499-4C85FD581173}.Debug|Any CPU.ActiveCfg = Debug|Any CPU
		{39986D98-41EC-47A4-9499-4C85FD581173}.Debug|Any CPU.Build.0 = Debug|Any CPU
		{39986D98-41EC-47A4-9499-4C85FD581173}.Release|Any CPU.ActiveCfg = Release|Any CPU
		{39986D98-41EC-47A4-9499-4C85FD581173}.Release|Any CPU.Build.0 = Release|Any CPU
		{9E4A9273-46BF-4C6F-82CF-A017C92413F7}.Debug|Any CPU.ActiveCfg = Debug|Any CPU
		{9E4A9273-46BF-4C6F-82CF-A017C92413F7}.Debug|Any CPU.Build.0 = Debug|Any CPU
		{9E4A9273-46BF-4C6F-82CF-A017C92413F7}.Release|Any CPU.ActiveCfg = Release|Any CPU
		{9E4A9273-46BF-4C6F-82CF-A017C92413F7}.Release|Any CPU.Build.0 = Release|Any CPU
		{2E40AE0B-31C0-4EC7-A7BE-849811A2B291}.Debug|Any CPU.ActiveCfg = Debug|Any CPU
		{2E40AE0B-31C0-4EC7-A7BE-849811A2B291}.Debug|Any CPU.Build.0 = Debug|Any CPU
		{2E40AE0B-31C0-4EC7-A7BE-849811A2B291}.Release|Any CPU.ActiveCfg = Release|Any CPU
		{2E40AE0B-31C0-4EC7-A7BE-849811A2B291}.Release|Any CPU.Build.0 = Release|Any CPU
		{7A43C8E2-BA72-4EE0-8F95-EEDB40C3618F}.Debug|Any CPU.ActiveCfg = Debug|Any CPU
		{7A43C8E2-BA72-4EE0-8F95-EEDB40C3618F}.Debug|Any CPU.Build.0 = Debug|Any CPU
		{7A43C8E2-BA72-4EE0-8F95-EEDB40C3618F}.Release|Any CPU.ActiveCfg = Release|Any CPU
		{7A43C8E2-BA72-4EE0-8F95-EEDB40C3618F}.Release|Any CPU.Build.0 = Release|Any CPU
		{FBBDAE22-A7F5-4D60-BDB5-03A98D0A0E59}.Debug|Any CPU.ActiveCfg = Debug|Any CPU
		{FBBDAE22-A7F5-4D60-BDB5-03A98D0A0E59}.Debug|Any CPU.Build.0 = Debug|Any CPU
		{FBBDAE22-A7F5-4D60-BDB5-03A98D0A0E59}.Release|Any CPU.ActiveCfg = Release|Any CPU
		{FBBDAE22-A7F5-4D60-BDB5-03A98D0A0E59}.Release|Any CPU.Build.0 = Release|Any CPU
		{4C7E5176-C412-4679-BE07-23B1E5E10C64}.Debug|Any CPU.ActiveCfg = Debug|Any CPU
		{4C7E5176-C412-4679-BE07-23B1E5E10C64}.Debug|Any CPU.Build.0 = Debug|Any CPU
		{4C7E5176-C412-4679-BE07-23B1E5E10C64}.Release|Any CPU.ActiveCfg = Release|Any CPU
		{4C7E5176-C412-4679-BE07-23B1E5E10C64}.Release|Any CPU.Build.0 = Release|Any CPU
		{E71BBAB6-031B-4FFB-ABD2-C5194A11BB3A}.Debug|Any CPU.ActiveCfg = Debug|Any CPU
		{E71BBAB6-031B-4FFB-ABD2-C5194A11BB3A}.Debug|Any CPU.Build.0 = Debug|Any CPU
		{E71BBAB6-031B-4FFB-ABD2-C5194A11BB3A}.Release|Any CPU.ActiveCfg = Release|Any CPU
		{E71BBAB6-031B-4FFB-ABD2-C5194A11BB3A}.Release|Any CPU.Build.0 = Release|Any CPU
		{E0593263-E227-48D9-8141-0DFEC2E13A65}.Debug|Any CPU.ActiveCfg = Debug|Any CPU
		{E0593263-E227-48D9-8141-0DFEC2E13A65}.Debug|Any CPU.Build.0 = Debug|Any CPU
		{E0593263-E227-48D9-8141-0DFEC2E13A65}.Release|Any CPU.ActiveCfg = Release|Any CPU
		{E0593263-E227-48D9-8141-0DFEC2E13A65}.Release|Any CPU.Build.0 = Release|Any CPU
		{1BDD096F-56D6-4A81-8770-4687034C5D55}.Debug|Any CPU.ActiveCfg = Debug|Any CPU
		{1BDD096F-56D6-4A81-8770-4687034C5D55}.Debug|Any CPU.Build.0 = Debug|Any CPU
		{1BDD096F-56D6-4A81-8770-4687034C5D55}.Release|Any CPU.ActiveCfg = Release|Any CPU
		{1BDD096F-56D6-4A81-8770-4687034C5D55}.Release|Any CPU.Build.0 = Release|Any CPU
		{13E77675-6F7F-4A35-83AE-3D7FBDD18C7E}.Debug|Any CPU.ActiveCfg = Debug|Any CPU
		{13E77675-6F7F-4A35-83AE-3D7FBDD18C7E}.Debug|Any CPU.Build.0 = Debug|Any CPU
		{13E77675-6F7F-4A35-83AE-3D7FBDD18C7E}.Release|Any CPU.ActiveCfg = Release|Any CPU
		{13E77675-6F7F-4A35-83AE-3D7FBDD18C7E}.Release|Any CPU.Build.0 = Release|Any CPU
		{6F8F9541-E736-4019-90BA-B13C4662AF78}.Debug|Any CPU.ActiveCfg = Debug|Any CPU
		{6F8F9541-E736-4019-90BA-B13C4662AF78}.Debug|Any CPU.Build.0 = Debug|Any CPU
		{6F8F9541-E736-4019-90BA-B13C4662AF78}.Release|Any CPU.ActiveCfg = Release|Any CPU
		{6F8F9541-E736-4019-90BA-B13C4662AF78}.Release|Any CPU.Build.0 = Release|Any CPU
		{65FD7A19-9B7B-46F9-968F-2B1825369B6A}.Debug|Any CPU.ActiveCfg = Debug|Any CPU
		{65FD7A19-9B7B-46F9-968F-2B1825369B6A}.Debug|Any CPU.Build.0 = Debug|Any CPU
		{65FD7A19-9B7B-46F9-968F-2B1825369B6A}.Release|Any CPU.ActiveCfg = Release|Any CPU
		{65FD7A19-9B7B-46F9-968F-2B1825369B6A}.Release|Any CPU.Build.0 = Release|Any CPU
		{1F5DC511-46EF-4257-A477-BD5C8E38D598}.Debug|Any CPU.ActiveCfg = Debug|Any CPU
		{1F5DC511-46EF-4257-A477-BD5C8E38D598}.Debug|Any CPU.Build.0 = Debug|Any CPU
		{1F5DC511-46EF-4257-A477-BD5C8E38D598}.Release|Any CPU.ActiveCfg = Release|Any CPU
		{1F5DC511-46EF-4257-A477-BD5C8E38D598}.Release|Any CPU.Build.0 = Release|Any CPU
		{C2F2A5E9-052E-41C7-AF58-FC86897BA42B}.Debug|Any CPU.ActiveCfg = Debug|Any CPU
		{C2F2A5E9-052E-41C7-AF58-FC86897BA42B}.Debug|Any CPU.Build.0 = Debug|Any CPU
		{C2F2A5E9-052E-41C7-AF58-FC86897BA42B}.Release|Any CPU.ActiveCfg = Release|Any CPU
		{C2F2A5E9-052E-41C7-AF58-FC86897BA42B}.Release|Any CPU.Build.0 = Release|Any CPU
		{F4D07767-4B54-40B6-A64B-338C80AE7AB9}.Debug|Any CPU.ActiveCfg = Debug|Any CPU
		{F4D07767-4B54-40B6-A64B-338C80AE7AB9}.Debug|Any CPU.Build.0 = Debug|Any CPU
		{F4D07767-4B54-40B6-A64B-338C80AE7AB9}.Release|Any CPU.ActiveCfg = Release|Any CPU
		{F4D07767-4B54-40B6-A64B-338C80AE7AB9}.Release|Any CPU.Build.0 = Release|Any CPU
		{DA33C7A2-B7FC-4F5C-A197-FABADD280414}.Debug|Any CPU.ActiveCfg = Debug|Any CPU
		{DA33C7A2-B7FC-4F5C-A197-FABADD280414}.Debug|Any CPU.Build.0 = Debug|Any CPU
		{DA33C7A2-B7FC-4F5C-A197-FABADD280414}.Release|Any CPU.ActiveCfg = Release|Any CPU
		{DA33C7A2-B7FC-4F5C-A197-FABADD280414}.Release|Any CPU.Build.0 = Release|Any CPU
		{2D5F9139-7D1F-4C72-8BE5-06684A4362A1}.Debug|Any CPU.ActiveCfg = Debug|Any CPU
		{2D5F9139-7D1F-4C72-8BE5-06684A4362A1}.Debug|Any CPU.Build.0 = Debug|Any CPU
		{2D5F9139-7D1F-4C72-8BE5-06684A4362A1}.Release|Any CPU.ActiveCfg = Release|Any CPU
		{2D5F9139-7D1F-4C72-8BE5-06684A4362A1}.Release|Any CPU.Build.0 = Release|Any CPU
		{29033974-A810-482B-9488-9F654500E20C}.Debug|Any CPU.ActiveCfg = Debug|Any CPU
		{29033974-A810-482B-9488-9F654500E20C}.Debug|Any CPU.Build.0 = Debug|Any CPU
		{29033974-A810-482B-9488-9F654500E20C}.Release|Any CPU.ActiveCfg = Release|Any CPU
		{29033974-A810-482B-9488-9F654500E20C}.Release|Any CPU.Build.0 = Release|Any CPU
		{9936A69F-9E21-413A-A9BD-01EFF46449E4}.Debug|Any CPU.ActiveCfg = Debug|Any CPU
		{9936A69F-9E21-413A-A9BD-01EFF46449E4}.Debug|Any CPU.Build.0 = Debug|Any CPU
		{9936A69F-9E21-413A-A9BD-01EFF46449E4}.Release|Any CPU.ActiveCfg = Release|Any CPU
		{9936A69F-9E21-413A-A9BD-01EFF46449E4}.Release|Any CPU.Build.0 = Release|Any CPU
		{7C552F7F-87CF-47E1-BA6C-7D56E60A2DA2}.Debug|Any CPU.ActiveCfg = Debug|Any CPU
		{7C552F7F-87CF-47E1-BA6C-7D56E60A2DA2}.Debug|Any CPU.Build.0 = Debug|Any CPU
		{7C552F7F-87CF-47E1-BA6C-7D56E60A2DA2}.Release|Any CPU.ActiveCfg = Release|Any CPU
		{7C552F7F-87CF-47E1-BA6C-7D56E60A2DA2}.Release|Any CPU.Build.0 = Release|Any CPU
		{36B8C1C8-5734-42D8-821A-E15ED0F8D628}.Debug|Any CPU.ActiveCfg = Debug|Any CPU
		{36B8C1C8-5734-42D8-821A-E15ED0F8D628}.Debug|Any CPU.Build.0 = Debug|Any CPU
		{36B8C1C8-5734-42D8-821A-E15ED0F8D628}.Release|Any CPU.ActiveCfg = Release|Any CPU
		{36B8C1C8-5734-42D8-821A-E15ED0F8D628}.Release|Any CPU.Build.0 = Release|Any CPU
		{35A893D2-3AD1-4B79-B788-9D8396B2E801}.Debug|Any CPU.ActiveCfg = Debug|Any CPU
		{35A893D2-3AD1-4B79-B788-9D8396B2E801}.Debug|Any CPU.Build.0 = Debug|Any CPU
		{35A893D2-3AD1-4B79-B788-9D8396B2E801}.Release|Any CPU.ActiveCfg = Release|Any CPU
		{35A893D2-3AD1-4B79-B788-9D8396B2E801}.Release|Any CPU.Build.0 = Release|Any CPU
		{5D8350B0-D73B-449B-8A47-3B3BC8049D4F}.Debug|Any CPU.ActiveCfg = Debug|Any CPU
		{5D8350B0-D73B-449B-8A47-3B3BC8049D4F}.Debug|Any CPU.Build.0 = Debug|Any CPU
		{5D8350B0-D73B-449B-8A47-3B3BC8049D4F}.Release|Any CPU.ActiveCfg = Release|Any CPU
		{5D8350B0-D73B-449B-8A47-3B3BC8049D4F}.Release|Any CPU.Build.0 = Release|Any CPU
	EndGlobalSection
EndGlobal
